<Solution>
  <Folder Name="/src/">
    <Project Path="src/Bizcord.WorkspaceContracts/Bizcord.WorkspaceContracts.csproj" />
    <Project Path="src/Bizcord.MessageClient/Bizcord.MessageClient.csproj" />
    <Project Path="src/Bizcord.Shared/Bizcord.Shared.csproj" />
    <Project Path="src/Bizcord.WorkspaceApi/Bizcord.WorkspaceApi.csproj" />
  </Folder>
  <Folder Name="/Solution Items/">
    <File Path="compose.yaml" />
  </Folder>
  <Folder Name="/tests/">
    <Project Path="tests/Bizcord.WorkspaceApi.Tests/Bizcord.WorkspaceApi.Tests.csproj" />
  </Folder>
</Solution>
